
Microsoft Visual Studio Solution File, Format Version 12.00
# Visual Studio Version 16
VisualStudioVersion = 16.0.29519.87
MinimumVisualStudioVersion = 10.0.40219.1
Project("{FAE04EC0-301F-11D3-BF4B-00C04F79EFBC}") = "QuanLyQuanCafe", "QuanLyQuanCafe\QuanLyQuanCafe.csproj", "{84F7328C-87DF-48B5-8C74-E373C7E4ABC1}"
EndProject
Global
	GlobalSection(SolutionConfigurationPlatforms) = preSolution
		Debug|Any CPU = Debug|Any CPU
		Release|Any CPU = Release|Any CPU
	EndGlobalSection
	GlobalSection(ProjectConfigurationPlatforms) = postSolution
		{84F7328C-87DF-48B5-8C74-E373C7E4ABC1}.Debug|Any CPU.ActiveCfg = Debug|Any CPU
		{84F7328C-87DF-48B5-8C74-E373C7E4ABC1}.Debug|Any CPU.Build.0 = Debug|Any CPU
		{84F7328C-87DF-48B5-8C74-E373C7E4ABC1}.Release|Any CPU.ActiveCfg = Release|Any CPU
		{84F7328C-87DF-48B5-8C74-E373C7E4ABC1}.Release|Any CPU.Build.0 = Release|Any CPU
	EndGlobalSection
	GlobalSection(SolutionProperties) = preSolution
		HideSolutionNode = FALSE
	EndGlobalSection
	GlobalSection(ExtensibilityGlobals) = postSolution
		SolutionGuid = {5D37F16A-3296-49DE-8783-90DFDA9A8560}
	EndGlobalSection
EndGlobal
